
Microsoft Visual Studio Solution File, Format Version 12.00
# Visual Studio Version 17
VisualStudioVersion = 17.0.31903.59
MinimumVisualStudioVersion = 10.0.40219.1
Project("{FAE04EC0-301F-11D3-BF4B-00C04F79EFBC}") = "Domain", "Domain\Domain.csproj", "{0A18190C-EBAC-499F-A6AF-CF68D9291FAE}"
EndProject
Project("{FAE04EC0-301F-11D3-BF4B-00C04F79EFBC}") = "Application", "Application\Application.csproj", "{D459F3C0-6A82-43DC-BB47-E7C366477A5B}"
EndProject
Project("{FAE04EC0-301F-11D3-BF4B-00C04F79EFBC}") = "Persistence", "Persistence\Persistence.csproj", "{1D6C6C7A-D9C7-4FF2-9415-B6BFB9826569}"
EndProject
Project("{FAE04EC0-301F-11D3-BF4B-00C04F79EFBC}") = "API", "API\API.csproj", "{7B745953-419C-42D4-A595-3AEF8B91CA01}"
EndProject
Project("{FAE04EC0-301F-11D3-BF4B-00C04F79EFBC}") = "Infrastructure", "Infrastructure\Infrastructure.csproj", "{432E5256-C6A8-40F5-9911-650792BFAC63}"
EndProject
Global
	GlobalSection(SolutionConfigurationPlatforms) = preSolution
		Debug|Any CPU = Debug|Any CPU
		Debug|x64 = Debug|x64
		Debug|x86 = Debug|x86
		Release|Any CPU = Release|Any CPU
		Release|x64 = Release|x64
		Release|x86 = Release|x86
	EndGlobalSection
	GlobalSection(ProjectConfigurationPlatforms) = postSolution
		{0A18190C-EBAC-499F-A6AF-CF68D9291FAE}.Debug|Any CPU.ActiveCfg = Debug|Any CPU
		{0A18190C-EBAC-499F-A6AF-CF68D9291FAE}.Debug|Any CPU.Build.0 = Debug|Any CPU
		{0A18190C-EBAC-499F-A6AF-CF68D9291FAE}.Debug|x64.ActiveCfg = Debug|Any CPU
		{0A18190C-EBAC-499F-A6AF-CF68D9291FAE}.Debug|x64.Build.0 = Debug|Any CPU
		{0A18190C-EBAC-499F-A6AF-CF68D9291FAE}.Debug|x86.ActiveCfg = Debug|Any CPU
		{0A18190C-EBAC-499F-A6AF-CF68D9291FAE}.Debug|x86.Build.0 = Debug|Any CPU
		{0A18190C-EBAC-499F-A6AF-CF68D9291FAE}.Release|Any CPU.ActiveCfg = Release|Any CPU
		{0A18190C-EBAC-499F-A6AF-CF68D9291FAE}.Release|Any CPU.Build.0 = Release|Any CPU
		{0A18190C-EBAC-499F-A6AF-CF68D9291FAE}.Release|x64.ActiveCfg = Release|Any CPU
		{0A18190C-EBAC-499F-A6AF-CF68D9291FAE}.Release|x64.Build.0 = Release|Any CPU
		{0A18190C-EBAC-499F-A6AF-CF68D9291FAE}.Release|x86.ActiveCfg = Release|Any CPU
		{0A18190C-EBAC-499F-A6AF-CF68D9291FAE}.Release|x86.Build.0 = Release|Any CPU
		{D459F3C0-6A82-43DC-BB47-E7C366477A5B}.Debug|Any CPU.ActiveCfg = Debug|Any CPU
		{D459F3C0-6A82-43DC-BB47-E7C366477A5B}.Debug|Any CPU.Build.0 = Debug|Any CPU
		{D459F3C0-6A82-43DC-BB47-E7C366477A5B}.Debug|x64.ActiveCfg = Debug|Any CPU
		{D459F3C0-6A82-43DC-BB47-E7C366477A5B}.Debug|x64.Build.0 = Debug|Any CPU
		{D459F3C0-6A82-43DC-BB47-E7C366477A5B}.Debug|x86.ActiveCfg = Debug|Any CPU
		{D459F3C0-6A82-43DC-BB47-E7C366477A5B}.Debug|x86.Build.0 = Debug|Any CPU
		{D459F3C0-6A82-43DC-BB47-E7C366477A5B}.Release|Any CPU.ActiveCfg = Release|Any CPU
		{D459F3C0-6A82-43DC-BB47-E7C366477A5B}.Release|Any CPU.Build.0 = Release|Any CPU
		{D459F3C0-6A82-43DC-BB47-E7C366477A5B}.Release|x64.ActiveCfg = Release|Any CPU
		{D459F3C0-6A82-43DC-BB47-E7C366477A5B}.Release|x64.Build.0 = Release|Any CPU
		{D459F3C0-6A82-43DC-BB47-E7C366477A5B}.Release|x86.ActiveCfg = Release|Any CPU
		{D459F3C0-6A82-43DC-BB47-E7C366477A5B}.Release|x86.Build.0 = Release|Any CPU
		{1D6C6C7A-D9C7-4FF2-9415-B6BFB9826569}.Debug|Any CPU.ActiveCfg = Debug|Any CPU
		{1D6C6C7A-D9C7-4FF2-9415-B6BFB9826569}.Debug|Any CPU.Build.0 = Debug|Any CPU
		{1D6C6C7A-D9C7-4FF2-9415-B6BFB9826569}.Debug|x64.ActiveCfg = Debug|Any CPU
		{1D6C6C7A-D9C7-4FF2-9415-B6BFB9826569}.Debug|x64.Build.0 = Debug|Any CPU
		{1D6C6C7A-D9C7-4FF2-9415-B6BFB9826569}.Debug|x86.ActiveCfg = Debug|Any CPU
		{1D6C6C7A-D9C7-4FF2-9415-B6BFB9826569}.Debug|x86.Build.0 = Debug|Any CPU
		{1D6C6C7A-D9C7-4FF2-9415-B6BFB9826569}.Release|Any CPU.ActiveCfg = Release|Any CPU
		{1D6C6C7A-D9C7-4FF2-9415-B6BFB9826569}.Release|Any CPU.Build.0 = Release|Any CPU
		{1D6C6C7A-D9C7-4FF2-9415-B6BFB9826569}.Release|x64.ActiveCfg = Release|Any CPU
		{1D6C6C7A-D9C7-4FF2-9415-B6BFB9826569}.Release|x64.Build.0 = Release|Any CPU
		{1D6C6C7A-D9C7-4FF2-9415-B6BFB9826569}.Release|x86.ActiveCfg = Release|Any CPU
		{1D6C6C7A-D9C7-4FF2-9415-B6BFB9826569}.Release|x86.Build.0 = Release|Any CPU
		{7B745953-419C-42D4-A595-3AEF8B91CA01}.Debug|Any CPU.ActiveCfg = Debug|Any CPU
		{7B745953-419C-42D4-A595-3AEF8B91CA01}.Debug|Any CPU.Build.0 = Debug|Any CPU
		{7B745953-419C-42D4-A595-3AEF8B91CA01}.Debug|x64.ActiveCfg = Debug|Any CPU
		{7B745953-419C-42D4-A595-3AEF8B91CA01}.Debug|x64.Build.0 = Debug|Any CPU
		{7B745953-419C-42D4-A595-3AEF8B91CA01}.Debug|x86.ActiveCfg = Debug|Any CPU
		{7B745953-419C-42D4-A595-3AEF8B91CA01}.Debug|x86.Build.0 = Debug|Any CPU
		{7B745953-419C-42D4-A595-3AEF8B91CA01}.Release|Any CPU.ActiveCfg = Release|Any CPU
		{7B745953-419C-42D4-A595-3AEF8B91CA01}.Release|Any CPU.Build.0 = Release|Any CPU
		{7B745953-419C-42D4-A595-3AEF8B91CA01}.Release|x64.ActiveCfg = Release|Any CPU
		{7B745953-419C-42D4-A595-3AEF8B91CA01}.Release|x64.Build.0 = Release|Any CPU
		{7B745953-419C-42D4-A595-3AEF8B91CA01}.Release|x86.ActiveCfg = Release|Any CPU
		{7B745953-419C-42D4-A595-3AEF8B91CA01}.Release|x86.Build.0 = Release|Any CPU
		{432E5256-C6A8-40F5-9911-650792BFAC63}.Debug|Any CPU.ActiveCfg = Debug|Any CPU
		{432E5256-C6A8-40F5-9911-650792BFAC63}.Debug|Any CPU.Build.0 = Debug|Any CPU
		{432E5256-C6A8-40F5-9911-650792BFAC63}.Debug|x64.ActiveCfg = Debug|Any CPU
		{432E5256-C6A8-40F5-9911-650792BFAC63}.Debug|x64.Build.0 = Debug|Any CPU
		{432E5256-C6A8-40F5-9911-650792BFAC63}.Debug|x86.ActiveCfg = Debug|Any CPU
		{432E5256-C6A8-40F5-9911-650792BFAC63}.Debug|x86.Build.0 = Debug|Any CPU
		{432E5256-C6A8-40F5-9911-650792BFAC63}.Release|Any CPU.ActiveCfg = Release|Any CPU
		{432E5256-C6A8-40F5-9911-650792BFAC63}.Release|Any CPU.Build.0 = Release|Any CPU
		{432E5256-C6A8-40F5-9911-650792BFAC63}.Release|x64.ActiveCfg = Release|Any CPU
		{432E5256-C6A8-40F5-9911-650792BFAC63}.Release|x64.Build.0 = Release|Any CPU
		{432E5256-C6A8-40F5-9911-650792BFAC63}.Release|x86.ActiveCfg = Release|Any CPU
		{432E5256-C6A8-40F5-9911-650792BFAC63}.Release|x86.Build.0 = Release|Any CPU
	EndGlobalSection
	GlobalSection(SolutionProperties) = preSolution
		HideSolutionNode = FALSE
	EndGlobalSection
EndGlobal
